
Microsoft Visual Studio Solution File, Format Version 12.00
# Visual Studio Version 17
VisualStudioVersion = 17.12.35707.178
MinimumVisualStudioVersion = 10.0.40219.1
Project("{2150E333-8FDC-42A3-9474-1A3956D46DE8}") = "Samples", "Samples", "{6E273594-0982-475E-93DE-10A0BB019DB1}"
EndProject
Project("{2150E333-8FDC-42A3-9474-1A3956D46DE8}") = "Lib", "Lib", "{2C0CE65F-28D4-444C-A22C-23AA11C7CA64}"
EndProject
Project("{2150E333-8FDC-42A3-9474-1A3956D46DE8}") = "Tests", "Tests", "{D4FC2380-0138-4B42-B3EF-C741FCFA0E75}"
EndProject
Project("{2150E333-8FDC-42A3-9474-1A3956D46DE8}") = "Solution Items", "Solution Items", "{C432192E-16A1-44BD-AC91-6ACD3E2804D9}"
EndProject
Project("{FAE04EC0-301F-11D3-BF4B-00C04F79EFBC}") = "ServiceableBus.Contracts", "lib\ServiceableBus.Contracts\ServiceableBus.Contracts.csproj", "{763DE4B5-558F-4A7D-93A6-1D587C40EA5A}"
EndProject
Project("{FAE04EC0-301F-11D3-BF4B-00C04F79EFBC}") = "ServiceableBus.Azure", "lib\ServiceableBus.Azure\ServiceableBus.Azure.csproj", "{02B37BCB-1627-47F3-BA80-F1EA7838140D}"
EndProject
Project("{FAE04EC0-301F-11D3-BF4B-00C04F79EFBC}") = "ServiceableBus.Azure.Sample.Api", "samples\ServiceableBus.Azure.Sample.Api\ServiceableBus.Azure.Sample.Api.csproj", "{B36A9563-9598-44B6-B7A9-D8A1075D118A}"
EndProject
Project("{FAE04EC0-301F-11D3-BF4B-00C04F79EFBC}") = "ServiceableBus.Azure.Tests", "tests\ServiceableBus.Azure.Tests\ServiceableBus.Azure.Tests.csproj", "{88576F0E-56E0-49B6-A4C3-5F914DCA0BFB}"
EndProject
Global
	GlobalSection(SolutionConfigurationPlatforms) = preSolution
		Debug|Any CPU = Debug|Any CPU
		Release|Any CPU = Release|Any CPU
	EndGlobalSection
	GlobalSection(ProjectConfigurationPlatforms) = postSolution
		{B2E16391-BCED-418F-8B60-C8E45A27941E}.Debug|Any CPU.ActiveCfg = Debug|Any CPU
		{B2E16391-BCED-418F-8B60-C8E45A27941E}.Debug|Any CPU.Build.0 = Debug|Any CPU
		{B2E16391-BCED-418F-8B60-C8E45A27941E}.Release|Any CPU.ActiveCfg = Release|Any CPU
		{B2E16391-BCED-418F-8B60-C8E45A27941E}.Release|Any CPU.Build.0 = Release|Any CPU
		{763DE4B5-558F-4A7D-93A6-1D587C40EA5A}.Debug|Any CPU.ActiveCfg = Debug|Any CPU
		{763DE4B5-558F-4A7D-93A6-1D587C40EA5A}.Debug|Any CPU.Build.0 = Debug|Any CPU
		{763DE4B5-558F-4A7D-93A6-1D587C40EA5A}.Release|Any CPU.ActiveCfg = Release|Any CPU
		{763DE4B5-558F-4A7D-93A6-1D587C40EA5A}.Release|Any CPU.Build.0 = Release|Any CPU
		{EB164EBE-E9FA-475A-AF90-57EB9E545038}.Debug|Any CPU.ActiveCfg = Debug|Any CPU
		{EB164EBE-E9FA-475A-AF90-57EB9E545038}.Debug|Any CPU.Build.0 = Debug|Any CPU
		{EB164EBE-E9FA-475A-AF90-57EB9E545038}.Release|Any CPU.ActiveCfg = Release|Any CPU
		{EB164EBE-E9FA-475A-AF90-57EB9E545038}.Release|Any CPU.Build.0 = Release|Any CPU
		{02B37BCB-1627-47F3-BA80-F1EA7838140D}.Debug|Any CPU.ActiveCfg = Debug|Any CPU
		{02B37BCB-1627-47F3-BA80-F1EA7838140D}.Debug|Any CPU.Build.0 = Debug|Any CPU
		{02B37BCB-1627-47F3-BA80-F1EA7838140D}.Release|Any CPU.ActiveCfg = Release|Any CPU
		{02B37BCB-1627-47F3-BA80-F1EA7838140D}.Release|Any CPU.Build.0 = Release|Any CPU
		{B36A9563-9598-44B6-B7A9-D8A1075D118A}.Debug|Any CPU.ActiveCfg = Debug|Any CPU
		{B36A9563-9598-44B6-B7A9-D8A1075D118A}.Debug|Any CPU.Build.0 = Debug|Any CPU
		{B36A9563-9598-44B6-B7A9-D8A1075D118A}.Release|Any CPU.ActiveCfg = Release|Any CPU
		{B36A9563-9598-44B6-B7A9-D8A1075D118A}.Release|Any CPU.Build.0 = Release|Any CPU
		{88576F0E-56E0-49B6-A4C3-5F914DCA0BFB}.Debug|Any CPU.ActiveCfg = Debug|Any CPU
		{88576F0E-56E0-49B6-A4C3-5F914DCA0BFB}.Debug|Any CPU.Build.0 = Debug|Any CPU
		{88576F0E-56E0-49B6-A4C3-5F914DCA0BFB}.Release|Any CPU.ActiveCfg = Release|Any CPU
		{88576F0E-56E0-49B6-A4C3-5F914DCA0BFB}.Release|Any CPU.Build.0 = Release|Any CPU
	EndGlobalSection
	GlobalSection(SolutionProperties) = preSolution
		HideSolutionNode = FALSE
	EndGlobalSection
	GlobalSection(NestedProjects) = preSolution
		{B2E16391-BCED-418F-8B60-C8E45A27941E} = {6E273594-0982-475E-93DE-10A0BB019DB1}
		{763DE4B5-558F-4A7D-93A6-1D587C40EA5A} = {2C0CE65F-28D4-444C-A22C-23AA11C7CA64}
		{EB164EBE-E9FA-475A-AF90-57EB9E545038} = {D4FC2380-0138-4B42-B3EF-C741FCFA0E75}
		{02B37BCB-1627-47F3-BA80-F1EA7838140D} = {2C0CE65F-28D4-444C-A22C-23AA11C7CA64}
		{B36A9563-9598-44B6-B7A9-D8A1075D118A} = {6E273594-0982-475E-93DE-10A0BB019DB1}
		{88576F0E-56E0-49B6-A4C3-5F914DCA0BFB} = {D4FC2380-0138-4B42-B3EF-C741FCFA0E75}
	EndGlobalSection
EndGlobal
